
Microsoft Visual Studio Solution File, Format Version 12.00
# Visual Studio Version 17
VisualStudioVersion = 17.5.33424.131
MinimumVisualStudioVersion = 10.0.40219.1
Project("{FAE04EC0-301F-11D3-BF4B-00C04F79EFBC}") = "eTickets", "eTickets\eTickets.csproj", "{09FEC6E5-2AD6-4146-9CA6-FBD99F32C27E}"
EndProject
Global
	GlobalSection(SolutionConfigurationPlatforms) = preSolution
		Debug|Any CPU = Debug|Any CPU
		Release|Any CPU = Release|Any CPU
	EndGlobalSection
	GlobalSection(ProjectConfigurationPlatforms) = postSolution
		{09FEC6E5-2AD6-4146-9CA6-FBD99F32C27E}.Debug|Any CPU.ActiveCfg = Debug|Any CPU
		{09FEC6E5-2AD6-4146-9CA6-FBD99F32C27E}.Debug|Any CPU.Build.0 = Debug|Any CPU
		{09FEC6E5-2AD6-4146-9CA6-FBD99F32C27E}.Release|Any CPU.ActiveCfg = Release|Any CPU
		{09FEC6E5-2AD6-4146-9CA6-FBD99F32C27E}.Release|Any CPU.Build.0 = Release|Any CPU
	EndGlobalSection
	GlobalSection(SolutionProperties) = preSolution
		HideSolutionNode = FALSE
	EndGlobalSection
	GlobalSection(ExtensibilityGlobals) = postSolution
		SolutionGuid = {3A2704F0-7343-4823-92E0-C426C23ADE14}
	EndGlobalSection
EndGlobal
